
Microsoft Visual Studio Solution File, Format Version 12.00
Project("{FAE04EC0-301F-11D3-BF4B-00C04F79EFBC}") = "Sandbox", "Sandbox\Sandbox.csproj", "{8F95A827-7655-4C3F-9AC2-3DA5D5352A00}"
EndProject
Project("{FAE04EC0-301F-11D3-BF4B-00C04F79EFBC}") = "SandboxTest", "SandboxTest\SandboxTest.csproj", "{1FEFBD23-AE43-4B6D-9A6D-C80D1A85D9B7}"
EndProject
Global
	GlobalSection(SolutionConfigurationPlatforms) = preSolution
		Debug|Any CPU = Debug|Any CPU
		Release|Any CPU = Release|Any CPU
	EndGlobalSection
	GlobalSection(ProjectConfigurationPlatforms) = postSolution
		{8F95A827-7655-4C3F-9AC2-3DA5D5352A00}.Debug|Any CPU.ActiveCfg = Debug|Any CPU
		{8F95A827-7655-4C3F-9AC2-3DA5D5352A00}.Debug|Any CPU.Build.0 = Debug|Any CPU
		{8F95A827-7655-4C3F-9AC2-3DA5D5352A00}.Release|Any CPU.ActiveCfg = Release|Any CPU
		{8F95A827-7655-4C3F-9AC2-3DA5D5352A00}.Release|Any CPU.Build.0 = Release|Any CPU
		{1FEFBD23-AE43-4B6D-9A6D-C80D1A85D9B7}.Debug|Any CPU.ActiveCfg = Debug|Any CPU
		{1FEFBD23-AE43-4B6D-9A6D-C80D1A85D9B7}.Debug|Any CPU.Build.0 = Debug|Any CPU
		{1FEFBD23-AE43-4B6D-9A6D-C80D1A85D9B7}.Release|Any CPU.ActiveCfg = Release|Any CPU
		{1FEFBD23-AE43-4B6D-9A6D-C80D1A85D9B7}.Release|Any CPU.Build.0 = Release|Any CPU
	EndGlobalSection
EndGlobal
